
Microsoft Visual Studio Solution File, Format Version 12.00
Project("{FAE04EC0-301F-11D3-BF4B-00C04F79EFBC}") = "aegis", "aegis\aegis.csproj", "{63421D56-B78C-4A53-908A-F5725E9FBA3E}"
EndProject
Project("{FAE04EC0-301F-11D3-BF4B-00C04F79EFBC}") = "DataLoader", "DataLoader\DataLoader.csproj", "{1C9899E6-752A-4928-BE2E-F549ACFA94C5}"
EndProject
Project("{FAE04EC0-301F-11D3-BF4B-00C04F79EFBC}") = "RandomSimulator", "RandomSimulator\RandomSimulator.csproj", "{0CB2E59B-1EAA-471D-AE74-7666E8AC7B9F}"
EndProject
Project("{FAE04EC0-301F-11D3-BF4B-00C04F79EFBC}") = "montecarlo.Tests", "montecarlo.Tests\montecarlo.Tests.csproj", "{D90E617D-A1A8-43A6-AD5E-9B7AEF99DDF3}"
EndProject
Project("{FAE04EC0-301F-11D3-BF4B-00C04F79EFBC}") = "Instruments", "Instruments\Instruments.csproj", "{FDF7E7D2-5A04-4878-BEED-5D262B4D6E92}"
EndProject
Project("{FAE04EC0-301F-11D3-BF4B-00C04F79EFBC}") = "MCPricer", "MCPricer\MCPricer.csproj", "{58A9AEC6-BBCA-4237-B47F-6A8B8D0DF3E3}"
EndProject
Project("{FAE04EC0-301F-11D3-BF4B-00C04F79EFBC}") = "MCPricer.Tests", "MCPricer.Tests\MCPricer.Tests.csproj", "{0461ADDB-6794-42D7-A3EA-F82EFF106DC8}"
EndProject
Project("{FAE04EC0-301F-11D3-BF4B-00C04F79EFBC}") = "AnalyticalPricers", "AnalyticalPricers\AnalyticalPricers.csproj", "{0B95234E-86F2-48A6-A498-E3F9CE3E13B4}"
EndProject
Global
	GlobalSection(SolutionConfigurationPlatforms) = preSolution
		Debug|Any CPU = Debug|Any CPU
		Debug|x64 = Debug|x64
		Debug|x86 = Debug|x86
		Release|Any CPU = Release|Any CPU
		Release|x64 = Release|x64
		Release|x86 = Release|x86
	EndGlobalSection
	GlobalSection(ProjectConfigurationPlatforms) = postSolution
		{63421D56-B78C-4A53-908A-F5725E9FBA3E}.Debug|Any CPU.ActiveCfg = Debug|Any CPU
		{63421D56-B78C-4A53-908A-F5725E9FBA3E}.Debug|Any CPU.Build.0 = Debug|Any CPU
		{63421D56-B78C-4A53-908A-F5725E9FBA3E}.Debug|x64.ActiveCfg = Debug|Any CPU
		{63421D56-B78C-4A53-908A-F5725E9FBA3E}.Debug|x64.Build.0 = Debug|Any CPU
		{63421D56-B78C-4A53-908A-F5725E9FBA3E}.Debug|x86.ActiveCfg = Debug|Any CPU
		{63421D56-B78C-4A53-908A-F5725E9FBA3E}.Debug|x86.Build.0 = Debug|Any CPU
		{63421D56-B78C-4A53-908A-F5725E9FBA3E}.Release|Any CPU.ActiveCfg = Release|Any CPU
		{63421D56-B78C-4A53-908A-F5725E9FBA3E}.Release|Any CPU.Build.0 = Release|Any CPU
		{63421D56-B78C-4A53-908A-F5725E9FBA3E}.Release|x64.ActiveCfg = Release|Any CPU
		{63421D56-B78C-4A53-908A-F5725E9FBA3E}.Release|x64.Build.0 = Release|Any CPU
		{63421D56-B78C-4A53-908A-F5725E9FBA3E}.Release|x86.ActiveCfg = Release|Any CPU
		{63421D56-B78C-4A53-908A-F5725E9FBA3E}.Release|x86.Build.0 = Release|Any CPU
		{1C9899E6-752A-4928-BE2E-F549ACFA94C5}.Debug|Any CPU.ActiveCfg = Debug|Any CPU
		{1C9899E6-752A-4928-BE2E-F549ACFA94C5}.Debug|Any CPU.Build.0 = Debug|Any CPU
		{1C9899E6-752A-4928-BE2E-F549ACFA94C5}.Debug|x64.ActiveCfg = Debug|Any CPU
		{1C9899E6-752A-4928-BE2E-F549ACFA94C5}.Debug|x64.Build.0 = Debug|Any CPU
		{1C9899E6-752A-4928-BE2E-F549ACFA94C5}.Debug|x86.ActiveCfg = Debug|Any CPU
		{1C9899E6-752A-4928-BE2E-F549ACFA94C5}.Debug|x86.Build.0 = Debug|Any CPU
		{1C9899E6-752A-4928-BE2E-F549ACFA94C5}.Release|Any CPU.ActiveCfg = Release|Any CPU
		{1C9899E6-752A-4928-BE2E-F549ACFA94C5}.Release|Any CPU.Build.0 = Release|Any CPU
		{1C9899E6-752A-4928-BE2E-F549ACFA94C5}.Release|x64.ActiveCfg = Release|Any CPU
		{1C9899E6-752A-4928-BE2E-F549ACFA94C5}.Release|x64.Build.0 = Release|Any CPU
		{1C9899E6-752A-4928-BE2E-F549ACFA94C5}.Release|x86.ActiveCfg = Release|Any CPU
		{1C9899E6-752A-4928-BE2E-F549ACFA94C5}.Release|x86.Build.0 = Release|Any CPU
		{0CB2E59B-1EAA-471D-AE74-7666E8AC7B9F}.Debug|Any CPU.ActiveCfg = Debug|Any CPU
		{0CB2E59B-1EAA-471D-AE74-7666E8AC7B9F}.Debug|Any CPU.Build.0 = Debug|Any CPU
		{0CB2E59B-1EAA-471D-AE74-7666E8AC7B9F}.Debug|x64.ActiveCfg = Debug|Any CPU
		{0CB2E59B-1EAA-471D-AE74-7666E8AC7B9F}.Debug|x64.Build.0 = Debug|Any CPU
		{0CB2E59B-1EAA-471D-AE74-7666E8AC7B9F}.Debug|x86.ActiveCfg = Debug|Any CPU
		{0CB2E59B-1EAA-471D-AE74-7666E8AC7B9F}.Debug|x86.Build.0 = Debug|Any CPU
		{0CB2E59B-1EAA-471D-AE74-7666E8AC7B9F}.Release|Any CPU.ActiveCfg = Release|Any CPU
		{0CB2E59B-1EAA-471D-AE74-7666E8AC7B9F}.Release|Any CPU.Build.0 = Release|Any CPU
		{0CB2E59B-1EAA-471D-AE74-7666E8AC7B9F}.Release|x64.ActiveCfg = Release|Any CPU
		{0CB2E59B-1EAA-471D-AE74-7666E8AC7B9F}.Release|x64.Build.0 = Release|Any CPU
		{0CB2E59B-1EAA-471D-AE74-7666E8AC7B9F}.Release|x86.ActiveCfg = Release|Any CPU
		{0CB2E59B-1EAA-471D-AE74-7666E8AC7B9F}.Release|x86.Build.0 = Release|Any CPU
		{D90E617D-A1A8-43A6-AD5E-9B7AEF99DDF3}.Debug|Any CPU.ActiveCfg = Debug|Any CPU
		{D90E617D-A1A8-43A6-AD5E-9B7AEF99DDF3}.Debug|Any CPU.Build.0 = Debug|Any CPU
		{D90E617D-A1A8-43A6-AD5E-9B7AEF99DDF3}.Debug|x64.ActiveCfg = Debug|Any CPU
		{D90E617D-A1A8-43A6-AD5E-9B7AEF99DDF3}.Debug|x64.Build.0 = Debug|Any CPU
		{D90E617D-A1A8-43A6-AD5E-9B7AEF99DDF3}.Debug|x86.ActiveCfg = Debug|Any CPU
		{D90E617D-A1A8-43A6-AD5E-9B7AEF99DDF3}.Debug|x86.Build.0 = Debug|Any CPU
		{D90E617D-A1A8-43A6-AD5E-9B7AEF99DDF3}.Release|Any CPU.ActiveCfg = Release|Any CPU
		{D90E617D-A1A8-43A6-AD5E-9B7AEF99DDF3}.Release|Any CPU.Build.0 = Release|Any CPU
		{D90E617D-A1A8-43A6-AD5E-9B7AEF99DDF3}.Release|x64.ActiveCfg = Release|Any CPU
		{D90E617D-A1A8-43A6-AD5E-9B7AEF99DDF3}.Release|x64.Build.0 = Release|Any CPU
		{D90E617D-A1A8-43A6-AD5E-9B7AEF99DDF3}.Release|x86.ActiveCfg = Release|Any CPU
		{D90E617D-A1A8-43A6-AD5E-9B7AEF99DDF3}.Release|x86.Build.0 = Release|Any CPU
		{FDF7E7D2-5A04-4878-BEED-5D262B4D6E92}.Debug|Any CPU.ActiveCfg = Debug|Any CPU
		{FDF7E7D2-5A04-4878-BEED-5D262B4D6E92}.Debug|Any CPU.Build.0 = Debug|Any CPU
		{FDF7E7D2-5A04-4878-BEED-5D262B4D6E92}.Debug|x64.ActiveCfg = Debug|Any CPU
		{FDF7E7D2-5A04-4878-BEED-5D262B4D6E92}.Debug|x64.Build.0 = Debug|Any CPU
		{FDF7E7D2-5A04-4878-BEED-5D262B4D6E92}.Debug|x86.ActiveCfg = Debug|Any CPU
		{FDF7E7D2-5A04-4878-BEED-5D262B4D6E92}.Debug|x86.Build.0 = Debug|Any CPU
		{FDF7E7D2-5A04-4878-BEED-5D262B4D6E92}.Release|Any CPU.ActiveCfg = Release|Any CPU
		{FDF7E7D2-5A04-4878-BEED-5D262B4D6E92}.Release|Any CPU.Build.0 = Release|Any CPU
		{FDF7E7D2-5A04-4878-BEED-5D262B4D6E92}.Release|x64.ActiveCfg = Release|Any CPU
		{FDF7E7D2-5A04-4878-BEED-5D262B4D6E92}.Release|x64.Build.0 = Release|Any CPU
		{FDF7E7D2-5A04-4878-BEED-5D262B4D6E92}.Release|x86.ActiveCfg = Release|Any CPU
		{FDF7E7D2-5A04-4878-BEED-5D262B4D6E92}.Release|x86.Build.0 = Release|Any CPU
		{58A9AEC6-BBCA-4237-B47F-6A8B8D0DF3E3}.Debug|Any CPU.ActiveCfg = Debug|Any CPU
		{58A9AEC6-BBCA-4237-B47F-6A8B8D0DF3E3}.Debug|Any CPU.Build.0 = Debug|Any CPU
		{58A9AEC6-BBCA-4237-B47F-6A8B8D0DF3E3}.Debug|x64.ActiveCfg = Debug|Any CPU
		{58A9AEC6-BBCA-4237-B47F-6A8B8D0DF3E3}.Debug|x64.Build.0 = Debug|Any CPU
		{58A9AEC6-BBCA-4237-B47F-6A8B8D0DF3E3}.Debug|x86.ActiveCfg = Debug|Any CPU
		{58A9AEC6-BBCA-4237-B47F-6A8B8D0DF3E3}.Debug|x86.Build.0 = Debug|Any CPU
		{58A9AEC6-BBCA-4237-B47F-6A8B8D0DF3E3}.Release|Any CPU.ActiveCfg = Release|Any CPU
		{58A9AEC6-BBCA-4237-B47F-6A8B8D0DF3E3}.Release|Any CPU.Build.0 = Release|Any CPU
		{58A9AEC6-BBCA-4237-B47F-6A8B8D0DF3E3}.Release|x64.ActiveCfg = Release|Any CPU
		{58A9AEC6-BBCA-4237-B47F-6A8B8D0DF3E3}.Release|x64.Build.0 = Release|Any CPU
		{58A9AEC6-BBCA-4237-B47F-6A8B8D0DF3E3}.Release|x86.ActiveCfg = Release|Any CPU
		{58A9AEC6-BBCA-4237-B47F-6A8B8D0DF3E3}.Release|x86.Build.0 = Release|Any CPU
		{0461ADDB-6794-42D7-A3EA-F82EFF106DC8}.Debug|Any CPU.ActiveCfg = Debug|Any CPU
		{0461ADDB-6794-42D7-A3EA-F82EFF106DC8}.Debug|Any CPU.Build.0 = Debug|Any CPU
		{0461ADDB-6794-42D7-A3EA-F82EFF106DC8}.Debug|x64.ActiveCfg = Debug|Any CPU
		{0461ADDB-6794-42D7-A3EA-F82EFF106DC8}.Debug|x64.Build.0 = Debug|Any CPU
		{0461ADDB-6794-42D7-A3EA-F82EFF106DC8}.Debug|x86.ActiveCfg = Debug|Any CPU
		{0461ADDB-6794-42D7-A3EA-F82EFF106DC8}.Debug|x86.Build.0 = Debug|Any CPU
		{0461ADDB-6794-42D7-A3EA-F82EFF106DC8}.Release|Any CPU.ActiveCfg = Release|Any CPU
		{0461ADDB-6794-42D7-A3EA-F82EFF106DC8}.Release|Any CPU.Build.0 = Release|Any CPU
		{0461ADDB-6794-42D7-A3EA-F82EFF106DC8}.Release|x64.ActiveCfg = Release|Any CPU
		{0461ADDB-6794-42D7-A3EA-F82EFF106DC8}.Release|x64.Build.0 = Release|Any CPU
		{0461ADDB-6794-42D7-A3EA-F82EFF106DC8}.Release|x86.ActiveCfg = Release|Any CPU
		{0461ADDB-6794-42D7-A3EA-F82EFF106DC8}.Release|x86.Build.0 = Release|Any CPU
		{0B95234E-86F2-48A6-A498-E3F9CE3E13B4}.Debug|Any CPU.ActiveCfg = Debug|Any CPU
		{0B95234E-86F2-48A6-A498-E3F9CE3E13B4}.Debug|Any CPU.Build.0 = Debug|Any CPU
		{0B95234E-86F2-48A6-A498-E3F9CE3E13B4}.Debug|x64.ActiveCfg = Debug|Any CPU
		{0B95234E-86F2-48A6-A498-E3F9CE3E13B4}.Debug|x64.Build.0 = Debug|Any CPU
		{0B95234E-86F2-48A6-A498-E3F9CE3E13B4}.Debug|x86.ActiveCfg = Debug|Any CPU
		{0B95234E-86F2-48A6-A498-E3F9CE3E13B4}.Debug|x86.Build.0 = Debug|Any CPU
		{0B95234E-86F2-48A6-A498-E3F9CE3E13B4}.Release|Any CPU.ActiveCfg = Release|Any CPU
		{0B95234E-86F2-48A6-A498-E3F9CE3E13B4}.Release|Any CPU.Build.0 = Release|Any CPU
		{0B95234E-86F2-48A6-A498-E3F9CE3E13B4}.Release|x64.ActiveCfg = Release|Any CPU
		{0B95234E-86F2-48A6-A498-E3F9CE3E13B4}.Release|x64.Build.0 = Release|Any CPU
		{0B95234E-86F2-48A6-A498-E3F9CE3E13B4}.Release|x86.ActiveCfg = Release|Any CPU
		{0B95234E-86F2-48A6-A498-E3F9CE3E13B4}.Release|x86.Build.0 = Release|Any CPU
	EndGlobalSection
	GlobalSection(SolutionProperties) = preSolution
		HideSolutionNode = FALSE
	EndGlobalSection
EndGlobal
